PODS:
  - UMengUShare/Core (6.1.1):
    - UMengUShare/Network
  - UMengUShare/Network (6.1.1)
  - UMengUShare/Social/QQ (6.1.1):
    - UMengUShare/Core
  - UMengUShare/Social/Sina (6.1.1):
    - UMengUShare/Core
  - UMengUShare/Social/WeChat (6.1.1):
    - UMengUShare/Core
  - UMengUShare/UI (6.1.1):
    - UMengUShare/Core

DEPENDENCIES:
  - UMengUShare/Social/QQ
  - UMengUShare/Social/Sina
  - UMengUShare/Social/WeChat
  - UMengUShare/UI

SPEC CHECKSUMS:
  UMengUShare: 0a80f54ee06f71f3de7c57764c36339e8bf9b7e7

PODFILE CHECKSUM: f3f8be133bdb4b6619c1f91195c05083dbb10a3d

COCOAPODS: 1.1.1
